// !$*UTF8*$!
{
	archiveVersion = 1;
	classes = {
	};
	objectVersion = 48;
	objects = {

/* Begin PBXBuildFile section */
		30A47799205993FF0027A25F /* SceneKit+Extensions.swift in Sources */ = {isa = PBXBuildFile; fileRef = 30A47798205993FF0027A25F /* SceneKit+Extensions.swift */; };
		30A4779B2059942B0027A25F /* Swift+Extensions.swift in Sources */ = {isa = PBXBuildFile; fileRef = 30A4779A2059942B0027A25F /* Swift+Extensions.swift */; };
		30A4779E205995430027A25F /* MagicHat.swift in Sources */ = {isa = PBXBuildFile; fileRef = 30A4779D205995430027A25F /* MagicHat.swift */; };
		30A477A12059971C0027A25F /* Floor.swift in Sources */ = {isa = PBXBuildFile; fileRef = 30A477A02059971C0027A25F /* Floor.swift */; };
		30A477A320599A3B0027A25F /* Ball.swift in Sources */ = {isa = PBXBuildFile; fileRef = 30A477A220599A3B0027A25F /* Ball.swift */; };
		30A477A520599ABD0027A25F /* RoundedButton.swift in Sources */ = {isa = PBXBuildFile; fileRef = 30A477A420599ABD0027A25F /* RoundedButton.swift */; };
		30A4EE12204F35F60050ED91 /* AppDelegate.swift in Sources */ = {isa = PBXBuildFile; fileRef = 30A4EE11204F35F60050ED91 /* AppDelegate.swift */; };
		30A4EE14204F35F70050ED91 /* art.scnassets in Resources */ = {isa = PBXBuildFile; fileRef = 30A4EE13204F35F70050ED91 /* art.scnassets */; };
		30A4EE16204F35F70050ED91 /* ViewController.swift in Sources */ = {isa = PBXBuildFile; fileRef = 30A4EE15204F35F70050ED91 /* ViewController.swift */; };
		30A4EE19204F35F70050ED91 /* Main.storyboard in Resources */ = {isa = PBXBuildFile; fileRef = 30A4EE17204F35F70050ED91 /* Main.storyboard */; };
		30A4EE1B204F35F70050ED91 /* Assets.xcassets in Resources */ = {isa = PBXBuildFile; fileRef = 30A4EE1A204F35F70050ED91 /* Assets.xcassets */; };
		30A4EE1E204F35F70050ED91 /* LaunchScreen.storyboard in Resources */ = {isa = PBXBuildFile; fileRef = 30A4EE1C204F35F70050ED91 /* LaunchScreen.storyboard */; };
/* End PBXBuildFile section */

/* Begin PBXFileReference section */
		30A47798205993FF0027A25F /* SceneKit+Extensions.swift */ = {isa = PBXFileReference; lastKnownFileType = sourcecode.swift; path = "SceneKit+Extensions.swift"; sourceTree = "<group>"; };
		30A4779A2059942B0027A25F /* Swift+Extensions.swift */ = {isa = PBXFileReference; lastKnownFileType = sourcecode.swift; path = "Swift+Extensions.swift"; sourceTree = "<group>"; };
		30A4779D205995430027A25F /* MagicHat.swift */ = {isa = PBXFileReference; lastKnownFileType = sourcecode.swift; path = MagicHat.swift; sourceTree = "<group>"; };
		30A477A02059971C0027A25F /* Floor.swift */ = {isa = PBXFileReference; lastKnownFileType = sourcecode.swift; path = Floor.swift; sourceTree = "<group>"; };
		30A477A220599A3B0027A25F /* Ball.swift */ = {isa = PBXFileReference; lastKnownFileType = sourcecode.swift; path = Ball.swift; sourceTree = "<group>"; };
		30A477A420599ABD0027A25F /* RoundedButton.swift */ = {isa = PBXFileReference; lastKnownFileType = sourcecode.swift; path = RoundedButton.swift; sourceTree = "<group>"; };
		30A4EE0E204F35F60050ED91 /* MagicTrick.app */ = {isa = PBXFileReference; explicitFileType = wrapper.application; includeInIndex = 0; path = MagicTrick.app; sourceTree = BUILT_PRODUCTS_DIR; };
		30A4EE11204F35F60050ED91 /* AppDelegate.swift */ = {isa = PBXFileReference; lastKnownFileType = sourcecode.swift; path = AppDelegate.swift; sourceTree = "<group>"; };
		30A4EE13204F35F70050ED91 /* art.scnassets */ = {isa = PBXFileReference; lastKnownFileType = wrapper.scnassets; path = art.scnassets; sourceTree = "<group>"; };
		30A4EE15204F35F70050ED91 /* ViewController.swift */ = {isa = PBXFileReference; lastKnownFileType = sourcecode.swift; path = ViewController.swift; sourceTree = "<group>"; };
		30A4EE18204F35F70050ED91 /* Base */ = {isa = PBXFileReference; lastKnownFileType = file.storyboard; name = Base; path = Base.lproj/Main.storyboard; sourceTree = "<group>"; };
		30A4EE1A204F35F70050ED91 /* Assets.xcassets */ = {isa = PBXFileReference; lastKnownFileType = folder.assetcatalog; path = Assets.xcassets; sourceTree = "<group>"; };
		30A4EE1D204F35F70050ED91 /* Base */ = {isa = PBXFileReference; lastKnownFileType = file.storyboard; name = Base; path = Base.lproj/LaunchScreen.storyboard; sourceTree = "<group>"; };
		30A4EE1F204F35F70050ED91 /* Info.plist */ = {isa = PBXFileReference; lastKnownFileType = text.plist.xml; path = Info.plist; sourceTree = "<group>"; };
/* End PBXFileReference section */

/* Begin PBXFrameworksBuildPhase section */
		30A4EE0B204F35F60050ED91 /* Frameworks */ = {
			isa = PBXFrameworksBuildPhase;
			buildActionMask = 2147483647;
			files = (
			);
			runOnlyForDeploymentPostprocessing = 0;
		};
/* End PBXFrameworksBuildPhase section */

/* Begin PBXGroup section */
		30A4779C205994540027A25F /* Extensions */ = {
			isa = PBXGroup;
			children = (
				30A4779A2059942B0027A25F /* Swift+Extensions.swift */,
				30A47798205993FF0027A25F /* SceneKit+Extensions.swift */,
			);
			path = Extensions;
			sourceTree = "<group>";
		};
		30A4779F205995500027A25F /* Model */ = {
			isa = PBXGroup;
			children = (
				30A477A220599A3B0027A25F /* Ball.swift */,
				30A477A02059971C0027A25F /* Floor.swift */,
				30A4779D205995430027A25F /* MagicHat.swift */,
			);
			path = Model;
			sourceTree = "<group>";
		};
		30A477A620599AC10027A25F /* View */ = {
			isa = PBXGroup;
			children = (
				30A477A420599ABD0027A25F /* RoundedButton.swift */,
			);
			path = View;
			sourceTree = "<group>";
		};
		30A4EE05204F35F60050ED91 = {
			isa = PBXGroup;
			children = (
				30A4EE10204F35F60050ED91 /* MagicTrick */,
				30A4EE0F204F35F60050ED91 /* Products */,
			);
			sourceTree = "<group>";
		};
		30A4EE0F204F35F60050ED91 /* Products */ = {
			isa = PBXGroup;
			children = (
				30A4EE0E204F35F60050ED91 /* MagicTrick.app */,
			);
			name = Products;
			sourceTree = "<group>";
		};
		30A4EE10204F35F60050ED91 /* MagicTrick */ = {
			isa = PBXGroup;
			children = (
				30A477A620599AC10027A25F /* View */,
				30A4779F205995500027A25F /* Model */,
				30A4779C205994540027A25F /* Extensions */,
				30A4EE11204F35F60050ED91 /* AppDelegate.swift */,
				30A4EE13204F35F70050ED91 /* art.scnassets */,
				30A4EE15204F35F70050ED91 /* ViewController.swift */,
				30A4EE17204F35F70050ED91 /* Main.storyboard */,
				30A4EE1A204F35F70050ED91 /* Assets.xcassets */,
				30A4EE1C204F35F70050ED91 /* LaunchScreen.storyboard */,
				30A4EE1F204F35F70050ED91 /* Info.plist */,
			);
			path = MagicTrick;
			sourceTree = "<group>";
		};
/* End PBXGroup section */

/* Begin PBXNativeTarget section */
		30A4EE0D204F35F60050ED91 /* MagicTrick */ = {
			isa = PBXNativeTarget;
			buildConfigurationList = 30A4EE2D204F35F70050ED91 /* Build configuration list for PBXNativeTarget "MagicTrick" */;
			buildPhases = (
				30A4EE0A204F35F60050ED91 /* Sources */,
				30A4EE0B204F35F60050ED91 /* Frameworks */,
				30A4EE0C204F35F60050ED91 /* Resources */,
			);
			buildRules = (
			);
			dependencies = (
			);
			name = MagicTrick;
			productName = MagicTrick;
			productReference = 30A4EE0E204F35F60050ED91 /* MagicTrick.app */;
			productType = "com.apple.product-type.application";
		};
/* End PBXNativeTarget section */

/* Begin PBXProject section */
		30A4EE06204F35F60050ED91 /* Project object */ = {
			isa = PBXProject;
			attributes = {
				LastSwiftUpdateCheck = 0920;
				LastUpgradeCheck = 0930;
				ORGANIZATIONNAME = "Roman Roibu";
				TargetAttributes = {
					30A4EE0D204F35F60050ED91 = {
						CreatedOnToolsVersion = 9.2;
						ProvisioningStyle = Automatic;
					};
				};
			};
			buildConfigurationList = 30A4EE09204F35F60050ED91 /* Build configuration list for PBXProject "MagicTrick" */;
			compatibilityVersion = "Xcode 8.0";
			developmentRegion = en;
			hasScannedForEncodings = 0;
			knownRegions = (
				en,
				Base,
			);
			mainGroup = 30A4EE05204F35F60050ED91;
			productRefGroup = 30A4EE0F204F35F60050ED91 /* Products */;
			projectDirPath = "";
			projectRoot = "";
			targets = (
				30A4EE0D204F35F60050ED91 /* MagicTrick */,
			);
		};
/* End PBXProject section */

/* Begin PBXResourcesBuildPhase section */
		30A4EE0C204F35F60050ED91 /* Resources */ = {
			isa = PBXResourcesBuildPhase;
			buildActionMask = 2147483647;
			files = (
				30A4EE14204F35F70050ED91 /* art.scnassets in Resources */,
				30A4EE1E204F35F70050ED91 /* LaunchScreen.storyboard in Resources */,
				30A4EE1B204F35F70050ED91 /* Assets.xcassets in Resources */,
				30A4EE19204F35F70050ED91 /* Main.storyboard in Resources */,
			);
			runOnlyForDeploymentPostprocessing = 0;
		};
/* End PBXResourcesBuildPhase section */

/* Begin PBXSourcesBuildPhase section */
		30A4EE0A204F35F60050ED91 /* Sources */ = {
			isa = PBXSourcesBuildPhase;
			buildActionMask = 2147483647;
			files = (
				30A477A12059971C0027A25F /* Floor.swift in Sources */,
				30A4EE16204F35F70050ED91 /* ViewController.swift in Sources */,
				30A4779B2059942B0027A25F /* Swift+Extensions.swift in Sources */,
				30A477A520599ABD0027A25F /* RoundedButton.swift in Sources */,
				30A4EE12204F35F60050ED91 /* AppDelegate.swift in Sources */,
				30A47799205993FF0027A25F /* SceneKit+Extensions.swift in Sources */,
				30A477A320599A3B0027A25F /* Ball.swift in Sources */,
				30A4779E205995430027A25F /* MagicHat.swift in Sources */,
			);
			runOnlyForDeploymentPostprocessing = 0;
		};
/* End PBXSourcesBuildPhase section */

/* Begin PBXVariantGroup section */
		30A4EE17204F35F70050ED91 /* Main.storyboard */ = {
			isa = PBXVariantGroup;
			children = (
				30A4EE18204F35F70050ED91 /* Base */,
			);
			name = Main.storyboard;
			sourceTree = "<group>";
		};
		30A4EE1C204F35F70050ED91 /* LaunchScreen.storyboard */ = {
			isa = PBXVariantGroup;
			children = (
				30A4EE1D204F35F70050ED91 /* Base */,
			);
			name = LaunchScreen.storyboard;
			sourceTree = "<group>";
		};
/* End PBXVariantGroup section */

/* Begin XCBuildConfiguration section */
		30A4EE2B204F35F70050ED91 /* Debug */ = {
			isa = XCBuildConfiguration;
			buildSettings = {
				ALWAYS_SEARCH_USER_PATHS = NO;
				CLANG_ANALYZER_NONNULL = YES;
				CLANG_ANALYZER_NUMBER_OBJECT_CONVERSION = YES_AGGRESSIVE;
				CLANG_CXX_LANGUAGE_STANDARD = "gnu++14";
				CLANG_CXX_LIBRARY = "libc++";
				CLANG_ENABLE_MODULES = YES;
				CLANG_ENABLE_OBJC_ARC = YES;
				CLANG_WARN_BLOCK_CAPTURE_AUTORELEASING = YES;
				CLANG_WARN_BOOL_CONVERSION = YES;
				CLANG_WARN_COMMA = YES;
				CLANG_WARN_CONSTANT_CONVERSION = YES;
				CLANG_WARN_DEPRECATED_OBJC_IMPLEMENTATIONS = YES;
				CLANG_WARN_DIRECT_OBJC_ISA_USAGE = YES_ERROR;
				CLANG_WARN_DOCUMENTATION_COMMENTS = YES;
				CLANG_WARN_EMPTY_BODY = YES;
				CLANG_WARN_ENUM_CONVERSION = YES;
				CLANG_WARN_INFINITE_RECURSION = YES;
				CLANG_WARN_INT_CONVERSION = YES;
				CLANG_WARN_NON_LITERAL_NULL_CONVERSION = YES;
				CLANG_WARN_OBJC_IMPLICIT_RETAIN_SELF = YES;
				CLANG_WARN_OBJC_LITERAL_CONVERSION = YES;
				CLANG_WARN_OBJC_ROOT_CLASS = YES_ERROR;
				CLANG_WARN_RANGE_LOOP_ANALYSIS = YES;
				CLANG_WARN_STRICT_PROTOTYPES = YES;
				CLANG_WARN_SUSPICIOUS_MOVE = YES;
				CLANG_WARN_UNGUARDED_AVAILABILITY = YES_AGGRESSIVE;
				CLANG_WARN_UNREACHABLE_CODE = YES;
				CLANG_WARN__DUPLICATE_METHOD_MATCH = YES;
				CODE_SIGN_IDENTITY = "iPhone Developer";
				COPY_PHASE_STRIP = NO;
				DEBUG_INFORMATION_FORMAT = dwarf;
				ENABLE_STRICT_OBJC_MSGSEND = YES;
				ENABLE_TESTABILITY = YES;
				GCC_C_LANGUAGE_STANDARD = gnu11;
				GCC_DYNAMIC_NO_PIC = NO;
				GCC_NO_COMMON_BLOCKS = YES;
				GCC_OPTIMIZATION_LEVEL = 0;
				GCC_PREPROCESSOR_DEFINITIONS = (
					"DEBUG=1",
					"$(inherited)",
				);
				GCC_WARN_64_TO_32_BIT_CONVERSION = YES;
				GCC_WARN_ABOUT_RETURN_TYPE = YES_ERROR;
				GCC_WARN_UNDECLARED_SELECTOR = YES;
				GCC_WARN_UNINITIALIZED_AUTOS = YES_AGGRESSIVE;
				GCC_WARN_UNUSED_FUNCTION = YES;
				GCC_WARN_UNUSED_VARIABLE = YES;
				IPHONEOS_DEPLOYMENT_TARGET = 11.2;
				MTL_ENABLE_DEBUG_INFO = YES;
				ONLY_ACTIVE_ARCH = YES;
				SDKROOT = iphoneos;
				SWIFT_ACTIVE_COMPILATION_CONDITIONS = DEBUG;
				SWIFT_OPTIMIZATION_LEVEL = "-Onone";
			};
			name = Debug;
		};
		30A4EE2C204F35F70050ED91 /* Release */ = {
			isa = XCBuildConfiguration;
			buildSettings = {
				ALWAYS_SEARCH_USER_PATHS = NO;
				CLANG_ANALYZER_NONNULL = YES;
				CLANG_ANALYZER_NUMBER_OBJECT_CONVERSION = YES_AGGRESSIVE;
				CLANG_CXX_LANGUAGE_STANDARD = "gnu++14";
				CLANG_CXX_LIBRARY = "libc++";
				CLANG_ENABLE_MODULES = YES;
				CLANG_ENABLE_OBJC_ARC = YES;
				CLANG_WARN_BLOCK_CAPTURE_AUTORELEASING = YES;
				CLANG_WARN_BOOL_CONVERSION = YES;
				CLANG_WARN_COMMA = YES;
				CLANG_WARN_CONSTANT_CONVERSION = YES;
				CLANG_WARN_DEPRECATED_OBJC_IMPLEMENTATIONS = YES;
				CLANG_WARN_DIRECT_OBJC_ISA_USAGE = YES_ERROR;
				CLANG_WARN_DOCUMENTATION_COMMENTS = YES;
				CLANG_WARN_EMPTY_BODY = YES;
				CLANG_WARN_ENUM_CONVERSION = YES;
				CLANG_WARN_INFINITE_RECURSION = YES;
				CLANG_WARN_INT_CONVERSION = YES;
				CLANG_WARN_NON_LITERAL_NULL_CONVERSION = YES;
				CLANG_WARN_OBJC_IMPLICIT_RETAIN_SELF = YES;
				CLANG_WARN_OBJC_LITERAL_CONVERSION = YES;
				CLANG_WARN_OBJC_ROOT_CLASS = YES_ERROR;
				CLANG_WARN_RANGE_LOOP_ANALYSIS = YES;
				CLANG_WARN_STRICT_PROTOTYPES = YES;
				CLANG_WARN_SUSPICIOUS_MOVE = YES;
				CLANG_WARN_UNGUARDED_AVAILABILITY = YES_AGGRESSIVE;
				CLANG_WARN_UNREACHABLE_CODE = YES;
				CLANG_WARN__DUPLICATE_METHOD_MATCH = YES;
				CODE_SIGN_IDENTITY = "iPhone Developer";
				COPY_PHASE_STRIP = NO;
				DEBUG_INFORMATION_FORMAT = "dwarf-with-dsym";
				ENABLE_NS_ASSERTIONS = NO;
				ENABLE_STRICT_OBJC_MSGSEND = YES;
				GCC_C_LANGUAGE_STANDARD = gnu11;
				GCC_NO_COMMON_BLOCKS = YES;
				GCC_WARN_64_TO_32_BIT_CONVERSION = YES;
				GCC_WARN_ABOUT_RETURN_TYPE = YES_ERROR;
				GCC_WARN_UNDECLARED_SELECTOR = YES;
				GCC_WARN_UNINITIALIZED_AUTOS = YES_AGGRESSIVE;
				GCC_WARN_UNUSED_FUNCTION = YES;
				GCC_WARN_UNUSED_VARIABLE = YES;
				IPHONEOS_DEPLOYMENT_TARGET = 11.2;
				MTL_ENABLE_DEBUG_INFO = NO;
				SDKROOT = iphoneos;
				SWIFT_OPTIMIZATION_LEVEL = "-Owholemodule";
				VALIDATE_PRODUCT = YES;
			};
			name = Release;
		};
		30A4EE2E204F35F70050ED91 /* Debug */ = {
			isa = XCBuildConfiguration;
			buildSettings = {
				ASSETCATALOG_COMPILER_APPICON_NAME = AppIcon;
				CODE_SIGN_STYLE = Automatic;
				DEVELOPMENT_TEAM = 99DC555NUS;
				INFOPLIST_FILE = MagicTrick/Info.plist;
				LD_RUNPATH_SEARCH_PATHS = "$(inherited) @executable_path/Frameworks";
				PRODUCT_BUNDLE_IDENTIFIER = com.romanroibu.MagicTrick;
				PRODUCT_NAME = "$(TARGET_NAME)";
				SWIFT_VERSION = 4.0;
				TARGETED_DEVICE_FAMILY = "1,2";
			};
			name = Debug;
		};
		30A4EE2F204F35F70050ED91 /* Release */ = {
			isa = XCBuildConfiguration;
			buildSettings = {
				ASSETCATALOG_COMPILER_APPICON_NAME = AppIcon;
				CODE_SIGN_STYLE = Automatic;
				DEVELOPMENT_TEAM = 99DC555NUS;
				INFOPLIST_FILE = MagicTrick/Info.plist;
				LD_RUNPATH_SEARCH_PATHS = "$(inherited) @executable_path/Frameworks";
				PRODUCT_BUNDLE_IDENTIFIER = com.romanroibu.MagicTrick;
				PRODUCT_NAME = "$(TARGET_NAME)";
				SWIFT_VERSION = 4.0;
				TARGETED_DEVICE_FAMILY = "1,2";
			};
			name = Release;
		};
/* End XCBuildConfiguration section */

/* Begin XCConfigurationList section */
		30A4EE09204F35F60050ED91 /* Build configuration list for PBXProject "MagicTrick" */ = {
			isa = XCConfigurationList;
			buildConfigurations = (
				30A4EE2B204F35F70050ED91 /* Debug */,
				30A4EE2C204F35F70050ED91 /* Release */,
			);
			defaultConfigurationIsVisible = 0;
			defaultConfigurationName = Release;
		};
		30A4EE2D204F35F70050ED91 /* Build configuration list for PBXNativeTarget "MagicTrick" */ = {
			isa = XCConfigurationList;
			buildConfigurations = (
				30A4EE2E204F35F70050ED91 /* Debug */,
				30A4EE2F204F35F70050ED91 /* Release */,
			);
			defaultConfigurationIsVisible = 0;
			defaultConfigurationName = Release;
		};
/* End XCConfigurationList section */
	};
	rootObject = 30A4EE06204F35F60050ED91 /* Project object */;
}
